
Microsoft Visual Studio Solution File, Format Version 12.00
# Visual Studio Version 17
VisualStudioVersion = 17.10.35122.118
MinimumVisualStudioVersion = 10.0.40219.1
Project("{FAE04EC0-301F-11D3-BF4B-00C04F79EFBC}") = "FinTech.Common", "FinTech.Common\FinTech.Common.csproj", "{9FC7DE27-38CC-4DB1-9FA4-4672DC922AB6}"
EndProject
Project("{FAE04EC0-301F-11D3-BF4B-00C04F79EFBC}") = "FinTech.Data", "FinTech.Data\FinTech.Data.csproj", "{9F53E028-4210-4F87-B0B8-C774B0ECA30E}"
EndProject
Project("{FAE04EC0-301F-11D3-BF4B-00C04F79EFBC}") = "FinTech.Logic", "FinTech.Logic\FinTech.Logic.csproj", "{FB9B0289-ADA2-4717-9825-20970805CC2F}"
EndProject
Project("{FAE04EC0-301F-11D3-BF4B-00C04F79EFBC}") = "FinTech.Web", "FinTech.Web\FinTech.Web.csproj", "{CCF0217F-832E-4AC3-9121-8B7D0EF6A9F8}"
EndProject
Global
	GlobalSection(SolutionConfigurationPlatforms) = preSolution
		Debug|Any CPU = Debug|Any CPU
		Release|Any CPU = Release|Any CPU
	EndGlobalSection
	GlobalSection(ProjectConfigurationPlatforms) = postSolution
		{9FC7DE27-38CC-4DB1-9FA4-4672DC922AB6}.Debug|Any CPU.ActiveCfg = Debug|Any CPU
		{9FC7DE27-38CC-4DB1-9FA4-4672DC922AB6}.Debug|Any CPU.Build.0 = Debug|Any CPU
		{9FC7DE27-38CC-4DB1-9FA4-4672DC922AB6}.Release|Any CPU.ActiveCfg = Release|Any CPU
		{9FC7DE27-38CC-4DB1-9FA4-4672DC922AB6}.Release|Any CPU.Build.0 = Release|Any CPU
		{9F53E028-4210-4F87-B0B8-C774B0ECA30E}.Debug|Any CPU.ActiveCfg = Debug|Any CPU
		{9F53E028-4210-4F87-B0B8-C774B0ECA30E}.Debug|Any CPU.Build.0 = Debug|Any CPU
		{9F53E028-4210-4F87-B0B8-C774B0ECA30E}.Release|Any CPU.ActiveCfg = Release|Any CPU
		{9F53E028-4210-4F87-B0B8-C774B0ECA30E}.Release|Any CPU.Build.0 = Release|Any CPU
		{FB9B0289-ADA2-4717-9825-20970805CC2F}.Debug|Any CPU.ActiveCfg = Debug|Any CPU
		{FB9B0289-ADA2-4717-9825-20970805CC2F}.Debug|Any CPU.Build.0 = Debug|Any CPU
		{FB9B0289-ADA2-4717-9825-20970805CC2F}.Release|Any CPU.ActiveCfg = Release|Any CPU
		{FB9B0289-ADA2-4717-9825-20970805CC2F}.Release|Any CPU.Build.0 = Release|Any CPU
		{CCF0217F-832E-4AC3-9121-8B7D0EF6A9F8}.Debug|Any CPU.ActiveCfg = Debug|Any CPU
		{CCF0217F-832E-4AC3-9121-8B7D0EF6A9F8}.Debug|Any CPU.Build.0 = Debug|Any CPU
		{CCF0217F-832E-4AC3-9121-8B7D0EF6A9F8}.Release|Any CPU.ActiveCfg = Release|Any CPU
		{CCF0217F-832E-4AC3-9121-8B7D0EF6A9F8}.Release|Any CPU.Build.0 = Release|Any CPU
	EndGlobalSection
	GlobalSection(SolutionProperties) = preSolution
		HideSolutionNode = FALSE
	EndGlobalSection
	GlobalSection(ExtensibilityGlobals) = postSolution
		SolutionGuid = {6505DE6E-8697-4D70-8BF9-ED879457B60F}
	EndGlobalSection
EndGlobal
